
Microsoft Visual Studio Solution File, Format Version 12.00
# Visual Studio Version 16
VisualStudioVersion = 16.0.30523.141
MinimumVisualStudioVersion = 10.0.40219.1
Project("{FAE04EC0-301F-11D3-BF4B-00C04F79EFBC}") = "Team 4 Prototype", "Skeleton 1st try\Team 4 Prototype.csproj", "{09B3A2C2-F452-403E-955A-2AA9F0166709}"
EndProject
Global
	GlobalSection(SolutionConfigurationPlatforms) = preSolution
		Debug|Any CPU = Debug|Any CPU
		Release|Any CPU = Release|Any CPU
	EndGlobalSection
	GlobalSection(ProjectConfigurationPlatforms) = postSolution
		{09B3A2C2-F452-403E-955A-2AA9F0166709}.Debug|Any CPU.ActiveCfg = Debug|Any CPU
		{09B3A2C2-F452-403E-955A-2AA9F0166709}.Debug|Any CPU.Build.0 = Debug|Any CPU
		{09B3A2C2-F452-403E-955A-2AA9F0166709}.Release|Any CPU.ActiveCfg = Release|Any CPU
		{09B3A2C2-F452-403E-955A-2AA9F0166709}.Release|Any CPU.Build.0 = Release|Any CPU
	EndGlobalSection
	GlobalSection(SolutionProperties) = preSolution
		HideSolutionNode = FALSE
	EndGlobalSection
	GlobalSection(ExtensibilityGlobals) = postSolution
		SolutionGuid = {4BE63E66-A657-4786-8A16-92206DEC653F}
	EndGlobalSection
EndGlobal
